
Microsoft Visual Studio Solution File, Format Version 12.00
# Visual Studio Version 17
VisualStudioVersion = 17.4.33205.214
MinimumVisualStudioVersion = 10.0.40219.1
Project("{FAE04EC0-301F-11D3-BF4B-00C04F79EFBC}") = "CustomRadioButton", "CustomRadioButton.csproj", "{53936D2B-E497-45BA-9D2B-F670DAA68617}"
EndProject
Global
	GlobalSection(SolutionConfigurationPlatforms) = preSolution
		Debug|Any CPU = Debug|Any CPU
		Release|Any CPU = Release|Any CPU
	EndGlobalSection
	GlobalSection(ProjectConfigurationPlatforms) = postSolution
		{53936D2B-E497-45BA-9D2B-F670DAA68617}.Debug|Any CPU.ActiveCfg = Debug|Any CPU
		{53936D2B-E497-45BA-9D2B-F670DAA68617}.Debug|Any CPU.Build.0 = Debug|Any CPU
		{53936D2B-E497-45BA-9D2B-F670DAA68617}.Release|Any CPU.ActiveCfg = Release|Any CPU
		{53936D2B-E497-45BA-9D2B-F670DAA68617}.Release|Any CPU.Build.0 = Release|Any CPU
	EndGlobalSection
	GlobalSection(SolutionProperties) = preSolution
		HideSolutionNode = FALSE
	EndGlobalSection
	GlobalSection(ExtensibilityGlobals) = postSolution
		SolutionGuid = {24DA99B2-99F6-4099-885A-3A295731D958}
	EndGlobalSection
EndGlobal
